
Microsoft Visual Studio Solution File, Format Version 12.00
# Visual Studio Version 17
VisualStudioVersion = 17.10.35027.167
MinimumVisualStudioVersion = 10.0.40219.1
Project("{FAE04EC0-301F-11D3-BF4B-00C04F79EFBC}") = "PresentationLayer", "PresentationLayer.csproj", "{4AEDB7DA-9520-44A5-B384-6C9455A2FE91}"
EndProject
Project("{FAE04EC0-301F-11D3-BF4B-00C04F79EFBC}") = "EntitiesLayer", "..\EntitiesLayer\EntitiesLayer.csproj", "{78907E70-8726-48B8-943D-A3E71E09E2DA}"
EndProject
Project("{FAE04EC0-301F-11D3-BF4B-00C04F79EFBC}") = "ServiceLayer", "..\ServiceLayer\ServiceLayer.csproj", "{00FEC8C2-FE87-4154-A3E4-D6576EC540D2}"
EndProject
Project("{FAE04EC0-301F-11D3-BF4B-00C04F79EFBC}") = "DataAccessLayer", "..\DataAccessLayer\DataAccessLayer.csproj", "{8A73E7B5-DB93-46E0-9AB8-85CB76EAA0E8}"
EndProject
Global
	GlobalSection(SolutionConfigurationPlatforms) = preSolution
		Debug|Any CPU = Debug|Any CPU
		Release|Any CPU = Release|Any CPU
	EndGlobalSection
	GlobalSection(ProjectConfigurationPlatforms) = postSolution
		{4AEDB7DA-9520-44A5-B384-6C9455A2FE91}.Debug|Any CPU.ActiveCfg = Debug|Any CPU
		{4AEDB7DA-9520-44A5-B384-6C9455A2FE91}.Debug|Any CPU.Build.0 = Debug|Any CPU
		{4AEDB7DA-9520-44A5-B384-6C9455A2FE91}.Release|Any CPU.ActiveCfg = Release|Any CPU
		{4AEDB7DA-9520-44A5-B384-6C9455A2FE91}.Release|Any CPU.Build.0 = Release|Any CPU
		{78907E70-8726-48B8-943D-A3E71E09E2DA}.Debug|Any CPU.ActiveCfg = Debug|Any CPU
		{78907E70-8726-48B8-943D-A3E71E09E2DA}.Debug|Any CPU.Build.0 = Debug|Any CPU
		{78907E70-8726-48B8-943D-A3E71E09E2DA}.Release|Any CPU.ActiveCfg = Release|Any CPU
		{78907E70-8726-48B8-943D-A3E71E09E2DA}.Release|Any CPU.Build.0 = Release|Any CPU
		{00FEC8C2-FE87-4154-A3E4-D6576EC540D2}.Debug|Any CPU.ActiveCfg = Debug|Any CPU
		{00FEC8C2-FE87-4154-A3E4-D6576EC540D2}.Debug|Any CPU.Build.0 = Debug|Any CPU
		{00FEC8C2-FE87-4154-A3E4-D6576EC540D2}.Release|Any CPU.ActiveCfg = Release|Any CPU
		{00FEC8C2-FE87-4154-A3E4-D6576EC540D2}.Release|Any CPU.Build.0 = Release|Any CPU
		{8A73E7B5-DB93-46E0-9AB8-85CB76EAA0E8}.Debug|Any CPU.ActiveCfg = Debug|Any CPU
		{8A73E7B5-DB93-46E0-9AB8-85CB76EAA0E8}.Debug|Any CPU.Build.0 = Debug|Any CPU
		{8A73E7B5-DB93-46E0-9AB8-85CB76EAA0E8}.Release|Any CPU.ActiveCfg = Release|Any CPU
		{8A73E7B5-DB93-46E0-9AB8-85CB76EAA0E8}.Release|Any CPU.Build.0 = Release|Any CPU
	EndGlobalSection
	GlobalSection(SolutionProperties) = preSolution
		HideSolutionNode = FALSE
	EndGlobalSection
	GlobalSection(ExtensibilityGlobals) = postSolution
		SolutionGuid = {A3CA3977-AB75-47DF-ACDB-DA4BE470C35A}
	EndGlobalSection
EndGlobal
